
Microsoft Visual Studio Solution File, Format Version 12.00
# Visual Studio Version 17
VisualStudioVersion = 17.8.34511.84
MinimumVisualStudioVersion = 10.0.40219.1
Project("{FAE04EC0-301F-11D3-BF4B-00C04F79EFBC}") = "WebApp1", "WebApp1\WebApp1.csproj", "{A2DEA0DB-DAC8-4009-9C73-8793F392442D}"
EndProject
Global
	GlobalSection(SolutionConfigurationPlatforms) = preSolution
		Debug|Any CPU = Debug|Any CPU
		Release|Any CPU = Release|Any CPU
	EndGlobalSection
	GlobalSection(ProjectConfigurationPlatforms) = postSolution
		{A2DEA0DB-DAC8-4009-9C73-8793F392442D}.Debug|Any CPU.ActiveCfg = Debug|Any CPU
		{A2DEA0DB-DAC8-4009-9C73-8793F392442D}.Debug|Any CPU.Build.0 = Debug|Any CPU
		{A2DEA0DB-DAC8-4009-9C73-8793F392442D}.Release|Any CPU.ActiveCfg = Release|Any CPU
		{A2DEA0DB-DAC8-4009-9C73-8793F392442D}.Release|Any CPU.Build.0 = Release|Any CPU
	EndGlobalSection
	GlobalSection(SolutionProperties) = preSolution
		HideSolutionNode = FALSE
	EndGlobalSection
	GlobalSection(ExtensibilityGlobals) = postSolution
		SolutionGuid = {D53CC170-C152-4D5E-9DA9-ED67B856D80D}
	EndGlobalSection
EndGlobal
